Microsoft Visual Studio Solution File, Format Version 12.00
# Visual Studio Version 17
VisualStudioVersion = 17.5.2.0
MinimumVisualStudioVersion = 10.0.40219.1
Project("{FAE04EC0-301F-11D3-BF4B-00C04F79EFBC}") = "utah", "src\utah.csproj", "{A2022A05-6516-0874-6613-CC480C66EAA1}"
EndProject
Global
	GlobalSection(SolutionConfigurationPlatforms) = preSolution
		Debug|Any CPU = Debug|Any CPU
		Release|Any CPU = Release|Any CPU
	EndGlobalSection
	GlobalSection(ProjectConfigurationPlatforms) = postSolution
		{A2022A05-6516-0874-6613-CC480C66EAA1}.Debug|Any CPU.ActiveCfg = Debug|Any CPU
		{A2022A05-6516-0874-6613-CC480C66EAA1}.Debug|Any CPU.Build.0 = Debug|Any CPU
		{A2022A05-6516-0874-6613-CC480C66EAA1}.Release|Any CPU.ActiveCfg = Release|Any CPU
		{A2022A05-6516-0874-6613-CC480C66EAA1}.Release|Any CPU.Build.0 = Release|Any CPU
	EndGlobalSection
	GlobalSection(SolutionProperties) = preSolution
		HideSolutionNode = FALSE
	EndGlobalSection
	GlobalSection(ExtensibilityGlobals) = postSolution
		SolutionGuid = {3F76D137-A8A1-47F4-BADF-42CB227F6467}
	EndGlobalSection
EndGlobal
